// !$*UTF8*$!
{
	archiveVersion = 1;
	classes = {
	};
	objectVersion = 46;
	objects = {

/* Begin PBXBuildFile section */
		76DBF1821979BDAA0068737D /* Foundation.framework in Frameworks */ = {isa = PBXBuildFile; fileRef = 76DBF1811979BDAA0068737D /* Foundation.framework */; };
		76DBF1841979BDAA0068737D /* CoreGraphics.framework in Frameworks */ = {isa = PBXBuildFile; fileRef = 76DBF1831979BDAA0068737D /* CoreGraphics.framework */; };
		76DBF1861979BDAA0068737D /* UIKit.framework in Frameworks */ = {isa = PBXBuildFile; fileRef = 76DBF1851979BDAA0068737D /* UIKit.framework */; };
		76DBF18C1979BDAA0068737D /* InfoPlist.strings in Resources */ = {isa = PBXBuildFile; fileRef = 76DBF18A1979BDAA0068737D /* InfoPlist.strings */; };
		76DBF18E1979BDAA0068737D /* main.m in Sources */ = {isa = PBXBuildFile; fileRef = 76DBF18D1979BDAA0068737D /* main.m */; };
		76DBF1921979BDAA0068737D /* MQAppDelegate.m in Sources */ = {isa = PBXBuildFile; fileRef = 76DBF1911979BDAA0068737D /* MQAppDelegate.m */; };
		76DBF1941979BDAA0068737D /* Images.xcassets in Resources */ = {isa = PBXBuildFile; fileRef = 76DBF1931979BDAA0068737D /* Images.xcassets */; };
		76DBF19B1979BDAA0068737D /* XCTest.framework in Frameworks */ = {isa = PBXBuildFile; fileRef = 76DBF19A1979BDAA0068737D /* XCTest.framework */; };
		76DBF19C1979BDAA0068737D /* Foundation.framework in Frameworks */ = {isa = PBXBuildFile; fileRef = 76DBF1811979BDAA0068737D /* Foundation.framework */; };
		76DBF19D1979BDAA0068737D /* UIKit.framework in Frameworks */ = {isa = PBXBuildFile; fileRef = 76DBF1851979BDAA0068737D /* UIKit.framework */; };
		76DBF1A51979BDAA0068737D /* InfoPlist.strings in Resources */ = {isa = PBXBuildFile; fileRef = 76DBF1A31979BDAA0068737D /* InfoPlist.strings */; };
		76DBF1A71979BDAA0068737D /* MQTimeOutDemoTests.m in Sources */ = {isa = PBXBuildFile; fileRef = 76DBF1A61979BDAA0068737D /* MQTimeOutDemoTests.m */; };
		76DBF1B31979BDC10068737D /* MQTimeOut.m in Sources */ = {isa = PBXBuildFile; fileRef = 76DBF1B21979BDC10068737D /* MQTimeOut.m */; };
		76DBF1B61979BDD40068737D /* MQMainViewController.m in Sources */ = {isa = PBXBuildFile; fileRef = 76DBF1B51979BDD40068737D /* MQMainViewController.m */; };
		76DBF1B91979BDE30068737D /* MQMainView.m in Sources */ = {isa = PBXBuildFile; fileRef = 76DBF1B81979BDE30068737D /* MQMainView.m */; };
/* End PBXBuildFile section */

/* Begin PBXContainerItemProxy section */
		76DBF19E1979BDAA0068737D /* PBXContainerItemProxy */ = {
			isa = PBXContainerItemProxy;
			containerPortal = 76DBF1761979BDAA0068737D /* Project object */;
			proxyType = 1;
			remoteGlobalIDString = 76DBF17D1979BDAA0068737D;
			remoteInfo = MQTimeOutDemo;
		};
/* End PBXContainerItemProxy section */

/* Begin PBXFileReference section */
		76DBF17E1979BDAA0068737D /* MQTimeOutDemo.app */ = {isa = PBXFileReference; explicitFileType = wrapper.application; includeInIndex = 0; path = MQTimeOutDemo.app; sourceTree = BUILT_PRODUCTS_DIR; };
		76DBF1811979BDAA0068737D /* Foundation.framework */ = {isa = PBXFileReference; lastKnownFileType = wrapper.framework; name = Foundation.framework; path = System/Library/Frameworks/Foundation.framework; sourceTree = SDKROOT; };
		76DBF1831979BDAA0068737D /* CoreGraphics.framework */ = {isa = PBXFileReference; lastKnownFileType = wrapper.framework; name = CoreGraphics.framework; path = System/Library/Frameworks/CoreGraphics.framework; sourceTree = SDKROOT; };
		76DBF1851979BDAA0068737D /* UIKit.framework */ = {isa = PBXFileReference; lastKnownFileType = wrapper.framework; name = UIKit.framework; path = System/Library/Frameworks/UIKit.framework; sourceTree = SDKROOT; };
		76DBF1891979BDAA0068737D /* MQTimeOutDemo-Info.plist */ = {isa = PBXFileReference; lastKnownFileType = text.plist.xml; path = "MQTimeOutDemo-Info.plist"; sourceTree = "<group>"; };
		76DBF18B1979BDAA0068737D /* en */ = {isa = PBXFileReference; lastKnownFileType = text.plist.strings; name = en; path = en.lproj/InfoPlist.strings; sourceTree = "<group>"; };
		76DBF18D1979BDAA0068737D /* main.m */ = {isa = PBXFileReference; lastKnownFileType = sourcecode.c.objc; path = main.m; sourceTree = "<group>"; };
		76DBF18F1979BDAA0068737D /* MQTimeOutDemo-Prefix.pch */ = {isa = PBXFileReference; lastKnownFileType = sourcecode.c.h; path = "MQTimeOutDemo-Prefix.pch"; sourceTree = "<group>"; };
		76DBF1901979BDAA0068737D /* MQAppDelegate.h */ = {isa = PBXFileReference; lastKnownFileType = sourcecode.c.h; path = MQAppDelegate.h; sourceTree = "<group>"; };
		76DBF1911979BDAA0068737D /* MQAppDelegate.m */ = {isa = PBXFileReference; lastKnownFileType = sourcecode.c.objc; path = MQAppDelegate.m; sourceTree = "<group>"; };
		76DBF1931979BDAA0068737D /* Images.xcassets */ = {isa = PBXFileReference; lastKnownFileType = folder.assetcatalog; path = Images.xcassets; sourceTree = "<group>"; };
		76DBF1991979BDAA0068737D /* MQTimeOutDemoTests.xctest */ = {isa = PBXFileReference; explicitFileType = wrapper.cfbundle; includeInIndex = 0; path = MQTimeOutDemoTests.xctest; sourceTree = BUILT_PRODUCTS_DIR; };
		76DBF19A1979BDAA0068737D /* XCTest.framework */ = {isa = PBXFileReference; lastKnownFileType = wrapper.framework; name = XCTest.framework; path = Library/Frameworks/XCTest.framework; sourceTree = DEVELOPER_DIR; };
		76DBF1A21979BDAA0068737D /* MQTimeOutDemoTests-Info.plist */ = {isa = PBXFileReference; lastKnownFileType = text.plist.xml; path = "MQTimeOutDemoTests-Info.plist"; sourceTree = "<group>"; };
		76DBF1A41979BDAA0068737D /* en */ = {isa = PBXFileReference; lastKnownFileType = text.plist.strings; name = en; path = en.lproj/InfoPlist.strings; sourceTree = "<group>"; };
		76DBF1A61979BDAA0068737D /* MQTimeOutDemoTests.m */ = {isa = PBXFileReference; lastKnownFileType = sourcecode.c.objc; path = MQTimeOutDemoTests.m; sourceTree = "<group>"; };
		76DBF1B11979BDC10068737D /* MQTimeOut.h */ = {isa = PBXFileReference; fileEncoding = 4; lastKnownFileType = sourcecode.c.h; path = MQTimeOut.h; sourceTree = "<group>"; };
		76DBF1B21979BDC10068737D /* MQTimeOut.m */ = {isa = PBXFileReference; fileEncoding = 4; lastKnownFileType = sourcecode.c.objc; path = MQTimeOut.m; sourceTree = "<group>"; };
		76DBF1B41979BDD40068737D /* MQMainViewController.h */ = {isa = PBXFileReference; fileEncoding = 4; lastKnownFileType = sourcecode.c.h; path = MQMainViewController.h; sourceTree = "<group>"; };
		76DBF1B51979BDD40068737D /* MQMainViewController.m */ = {isa = PBXFileReference; fileEncoding = 4; lastKnownFileType = sourcecode.c.objc; path = MQMainViewController.m; sourceTree = "<group>"; };
		76DBF1B71979BDE30068737D /* MQMainView.h */ = {isa = PBXFileReference; fileEncoding = 4; lastKnownFileType = sourcecode.c.h; path = MQMainView.h; sourceTree = "<group>"; };
		76DBF1B81979BDE30068737D /* MQMainView.m */ = {isa = PBXFileReference; fileEncoding = 4; lastKnownFileType = sourcecode.c.objc; path = MQMainView.m; sourceTree = "<group>"; };
/* End PBXFileReference section */

/* Begin PBXFrameworksBuildPhase section */
		76DBF17B1979BDAA0068737D /* Frameworks */ = {
			isa = PBXFrameworksBuildPhase;
			buildActionMask = 2147483647;
			files = (
				76DBF1841979BDAA0068737D /* CoreGraphics.framework in Frameworks */,
				76DBF1861979BDAA0068737D /* UIKit.framework in Frameworks */,
				76DBF1821979BDAA0068737D /* Foundation.framework in Frameworks */,
			);
			runOnlyForDeploymentPostprocessing = 0;
		};
		76DBF1961979BDAA0068737D /* Frameworks */ = {
			isa = PBXFrameworksBuildPhase;
			buildActionMask = 2147483647;
			files = (
				76DBF19B1979BDAA0068737D /* XCTest.framework in Frameworks */,
				76DBF19D1979BDAA0068737D /* UIKit.framework in Frameworks */,
				76DBF19C1979BDAA0068737D /* Foundation.framework in Frameworks */,
			);
			runOnlyForDeploymentPostprocessing = 0;
		};
/* End PBXFrameworksBuildPhase section */

/* Begin PBXGroup section */
		76DBF1751979BDAA0068737D = {
			isa = PBXGroup;
			children = (
				76DBF1871979BDAA0068737D /* MQTimeOutDemo */,
				76DBF1A01979BDAA0068737D /* MQTimeOutDemoTests */,
				76DBF1801979BDAA0068737D /* Frameworks */,
				76DBF17F1979BDAA0068737D /* Products */,
			);
			sourceTree = "<group>";
		};
		76DBF17F1979BDAA0068737D /* Products */ = {
			isa = PBXGroup;
			children = (
				76DBF17E1979BDAA0068737D /* MQTimeOutDemo.app */,
				76DBF1991979BDAA0068737D /* MQTimeOutDemoTests.xctest */,
			);
			name = Products;
			sourceTree = "<group>";
		};
		76DBF1801979BDAA0068737D /* Frameworks */ = {
			isa = PBXGroup;
			children = (
				76DBF1811979BDAA0068737D /* Foundation.framework */,
				76DBF1831979BDAA0068737D /* CoreGraphics.framework */,
				76DBF1851979BDAA0068737D /* UIKit.framework */,
				76DBF19A1979BDAA0068737D /* XCTest.framework */,
			);
			name = Frameworks;
			sourceTree = "<group>";
		};
		76DBF1871979BDAA0068737D /* MQTimeOutDemo */ = {
			isa = PBXGroup;
			children = (
				76DBF1901979BDAA0068737D /* MQAppDelegate.h */,
				76DBF1911979BDAA0068737D /* MQAppDelegate.m */,
				76DBF1B41979BDD40068737D /* MQMainViewController.h */,
				76DBF1B51979BDD40068737D /* MQMainViewController.m */,
				76DBF1B71979BDE30068737D /* MQMainView.h */,
				76DBF1B81979BDE30068737D /* MQMainView.m */,
				76DBF1931979BDAA0068737D /* Images.xcassets */,
				76DBF1881979BDAA0068737D /* Supporting Files */,
				76DBF1B01979BDC10068737D /* MQTimeOut */,
			);
			path = MQTimeOutDemo;
			sourceTree = "<group>";
		};
		76DBF1881979BDAA0068737D /* Supporting Files */ = {
			isa = PBXGroup;
			children = (
				76DBF1891979BDAA0068737D /* MQTimeOutDemo-Info.plist */,
				76DBF18A1979BDAA0068737D /* InfoPlist.strings */,
				76DBF18D1979BDAA0068737D /* main.m */,
				76DBF18F1979BDAA0068737D /* MQTimeOutDemo-Prefix.pch */,
			);
			name = "Supporting Files";
			sourceTree = "<group>";
		};
		76DBF1A01979BDAA0068737D /* MQTimeOutDemoTests */ = {
			isa = PBXGroup;
			children = (
				76DBF1A61979BDAA0068737D /* MQTimeOutDemoTests.m */,
				76DBF1A11979BDAA0068737D /* Supporting Files */,
			);
			path = MQTimeOutDemoTests;
			sourceTree = "<group>";
		};
		76DBF1A11979BDAA0068737D /* Supporting Files */ = {
			isa = PBXGroup;
			children = (
				76DBF1A21979BDAA0068737D /* MQTimeOutDemoTests-Info.plist */,
				76DBF1A31979BDAA0068737D /* InfoPlist.strings */,
			);
			name = "Supporting Files";
			sourceTree = "<group>";
		};
		76DBF1B01979BDC10068737D /* MQTimeOut */ = {
			isa = PBXGroup;
			children = (
				76DBF1B11979BDC10068737D /* MQTimeOut.h */,
				76DBF1B21979BDC10068737D /* MQTimeOut.m */,
			);
			name = MQTimeOut;
			path = ../../MQTimeOut;
			sourceTree = "<group>";
		};
/* End PBXGroup section */

/* Begin PBXNativeTarget section */
		76DBF17D1979BDAA0068737D /* MQTimeOutDemo */ = {
			isa = PBXNativeTarget;
			buildConfigurationList = 76DBF1AA1979BDAA0068737D /* Build configuration list for PBXNativeTarget "MQTimeOutDemo" */;
			buildPhases = (
				76DBF17A1979BDAA0068737D /* Sources */,
				76DBF17B1979BDAA0068737D /* Frameworks */,
				76DBF17C1979BDAA0068737D /* Resources */,
			);
			buildRules = (
			);
			dependencies = (
			);
			name = MQTimeOutDemo;
			productName = MQTimeOutDemo;
			productReference = 76DBF17E1979BDAA0068737D /* MQTimeOutDemo.app */;
			productType = "com.apple.product-type.application";
		};
		76DBF1981979BDAA0068737D /* MQTimeOutDemoTests */ = {
			isa = PBXNativeTarget;
			buildConfigurationList = 76DBF1AD1979BDAA0068737D /* Build configuration list for PBXNativeTarget "MQTimeOutDemoTests" */;
			buildPhases = (
				76DBF1951979BDAA0068737D /* Sources */,
				76DBF1961979BDAA0068737D /* Frameworks */,
				76DBF1971979BDAA0068737D /* Resources */,
			);
			buildRules = (
			);
			dependencies = (
				76DBF19F1979BDAA0068737D /* PBXTargetDependency */,
			);
			name = MQTimeOutDemoTests;
			productName = MQTimeOutDemoTests;
			productReference = 76DBF1991979BDAA0068737D /* MQTimeOutDemoTests.xctest */;
			productType = "com.apple.product-type.bundle.unit-test";
		};
/* End PBXNativeTarget section */

/* Begin PBXProject section */
		76DBF1761979BDAA0068737D /* Project object */ = {
			isa = PBXProject;
			attributes = {
				CLASSPREFIX = MQ;
				LastUpgradeCheck = 0510;
				ORGANIZATIONNAME = Marqeta;
				TargetAttributes = {
					76DBF1981979BDAA0068737D = {
						TestTargetID = 76DBF17D1979BDAA0068737D;
					};
				};
			};
			buildConfigurationList = 76DBF1791979BDAA0068737D /* Build configuration list for PBXProject "MQTimeOutDemo" */;
			compatibilityVersion = "Xcode 3.2";
			developmentRegion = English;
			hasScannedForEncodings = 0;
			knownRegions = (
				en,
			);
			mainGroup = 76DBF1751979BDAA0068737D;
			productRefGroup = 76DBF17F1979BDAA0068737D /* Products */;
			projectDirPath = "";
			projectRoot = "";
			targets = (
				76DBF17D1979BDAA0068737D /* MQTimeOutDemo */,
				76DBF1981979BDAA0068737D /* MQTimeOutDemoTests */,
			);
		};
/* End PBXProject section */

/* Begin PBXResourcesBuildPhase section */
		76DBF17C1979BDAA0068737D /* Resources */ = {
			isa = PBXResourcesBuildPhase;
			buildActionMask = 2147483647;
			files = (
				76DBF18C1979BDAA0068737D /* InfoPlist.strings in Resources */,
				76DBF1941979BDAA0068737D /* Images.xcassets in Resources */,
			);
			runOnlyForDeploymentPostprocessing = 0;
		};
		76DBF1971979BDAA0068737D /* Resources */ = {
			isa = PBXResourcesBuildPhase;
			buildActionMask = 2147483647;
			files = (
				76DBF1A51979BDAA0068737D /* InfoPlist.strings in Resources */,
			);
			runOnlyForDeploymentPostprocessing = 0;
		};
/* End PBXResourcesBuildPhase section */

/* Begin PBXSourcesBuildPhase section */
		76DBF17A1979BDAA0068737D /* Sources */ = {
			isa = PBXSourcesBuildPhase;
			buildActionMask = 2147483647;
			files = (
				76DBF1921979BDAA0068737D /* MQAppDelegate.m in Sources */,
				76DBF1B91979BDE30068737D /* MQMainView.m in Sources */,
				76DBF18E1979BDAA0068737D /* main.m in Sources */,
				76DBF1B31979BDC10068737D /* MQTimeOut.m in Sources */,
				76DBF1B61979BDD40068737D /* MQMainViewController.m in Sources */,
			);
			runOnlyForDeploymentPostprocessing = 0;
		};
		76DBF1951979BDAA0068737D /* Sources */ = {
			isa = PBXSourcesBuildPhase;
			buildActionMask = 2147483647;
			files = (
				76DBF1A71979BDAA0068737D /* MQTimeOutDemoTests.m in Sources */,
			);
			runOnlyForDeploymentPostprocessing = 0;
		};
/* End PBXSourcesBuildPhase section */

/* Begin PBXTargetDependency section */
		76DBF19F1979BDAA0068737D /* PBXTargetDependency */ = {
			isa = PBXTargetDependency;
			target = 76DBF17D1979BDAA0068737D /* MQTimeOutDemo */;
			targetProxy = 76DBF19E1979BDAA0068737D /* PBXContainerItemProxy */;
		};
/* End PBXTargetDependency section */

/* Begin PBXVariantGroup section */
		76DBF18A1979BDAA0068737D /* InfoPlist.strings */ = {
			isa = PBXVariantGroup;
			children = (
				76DBF18B1979BDAA0068737D /* en */,
			);
			name = InfoPlist.strings;
			sourceTree = "<group>";
		};
		76DBF1A31979BDAA0068737D /* InfoPlist.strings */ = {
			isa = PBXVariantGroup;
			children = (
				76DBF1A41979BDAA0068737D /* en */,
			);
			name = InfoPlist.strings;
			sourceTree = "<group>";
		};
/* End PBXVariantGroup section */

/* Begin XCBuildConfiguration section */
		76DBF1A81979BDAA0068737D /* Debug */ = {
			isa = XCBuildConfiguration;
			buildSettings = {
				ALWAYS_SEARCH_USER_PATHS = NO;
				CLANG_CXX_LANGUAGE_STANDARD = "gnu++0x";
				CLANG_CXX_LIBRARY = "libc++";
				CLANG_ENABLE_MODULES = YES;
				CLANG_ENABLE_OBJC_ARC = YES;
				CLANG_WARN_BOOL_CONVERSION = YES;
				CLANG_WARN_CONSTANT_CONVERSION = YES;
				CLANG_WARN_DIRECT_OBJC_ISA_USAGE = YES_ERROR;
				CLANG_WARN_EMPTY_BODY = YES;
				CLANG_WARN_ENUM_CONVERSION = YES;
				CLANG_WARN_INT_CONVERSION = YES;
				CLANG_WARN_OBJC_ROOT_CLASS = YES_ERROR;
				CLANG_WARN__DUPLICATE_METHOD_MATCH = YES;
				"CODE_SIGN_IDENTITY[sdk=iphoneos*]" = "iPhone Developer";
				COPY_PHASE_STRIP = NO;
				GCC_C_LANGUAGE_STANDARD = gnu99;
				GCC_DYNAMIC_NO_PIC = NO;
				GCC_OPTIMIZATION_LEVEL = 0;
				GCC_PREPROCESSOR_DEFINITIONS = (
					"DEBUG=1",
					"$(inherited)",
				);
				GCC_SYMBOLS_PRIVATE_EXTERN = NO;
				GCC_WARN_64_TO_32_BIT_CONVERSION = YES;
				GCC_WARN_ABOUT_RETURN_TYPE = YES_ERROR;
				GCC_WARN_UNDECLARED_SELECTOR = YES;
				GCC_WARN_UNINITIALIZED_AUTOS = YES_AGGRESSIVE;
				GCC_WARN_UNUSED_FUNCTION = YES;
				GCC_WARN_UNUSED_VARIABLE = YES;
				IPHONEOS_DEPLOYMENT_TARGET = 7.1;
				ONLY_ACTIVE_ARCH = YES;
				SDKROOT = iphoneos;
				TARGETED_DEVICE_FAMILY = "1,2";
			};
			name = Debug;
		};
		76DBF1A91979BDAA0068737D /* Release */ = {
			isa = XCBuildConfiguration;
			buildSettings = {
				ALWAYS_SEARCH_USER_PATHS = NO;
				CLANG_CXX_LANGUAGE_STANDARD = "gnu++0x";
				CLANG_CXX_LIBRARY = "libc++";
				CLANG_ENABLE_MODULES = YES;
				CLANG_ENABLE_OBJC_ARC = YES;
				CLANG_WARN_BOOL_CONVERSION = YES;
				CLANG_WARN_CONSTANT_CONVERSION = YES;
				CLANG_WARN_DIRECT_OBJC_ISA_USAGE = YES_ERROR;
				CLANG_WARN_EMPTY_BODY = YES;
				CLANG_WARN_ENUM_CONVERSION = YES;
				CLANG_WARN_INT_CONVERSION = YES;
				CLANG_WARN_OBJC_ROOT_CLASS = YES_ERROR;
				CLANG_WARN__DUPLICATE_METHOD_MATCH = YES;
				"CODE_SIGN_IDENTITY[sdk=iphoneos*]" = "iPhone Developer";
				COPY_PHASE_STRIP = YES;
				ENABLE_NS_ASSERTIONS = NO;
				GCC_C_LANGUAGE_STANDARD = gnu99;
				GCC_WARN_64_TO_32_BIT_CONVERSION = YES;
				GCC_WARN_ABOUT_RETURN_TYPE = YES_ERROR;
				GCC_WARN_UNDECLARED_SELECTOR = YES;
				GCC_WARN_UNINITIALIZED_AUTOS = YES_AGGRESSIVE;
				GCC_WARN_UNUSED_FUNCTION = YES;
				GCC_WARN_UNUSED_VARIABLE = YES;
				IPHONEOS_DEPLOYMENT_TARGET = 7.1;
				SDKROOT = iphoneos;
				TARGETED_DEVICE_FAMILY = "1,2";
				VALIDATE_PRODUCT = YES;
			};
			name = Release;
		};
		76DBF1AB1979BDAA0068737D /* Debug */ = {
			isa = XCBuildConfiguration;
			buildSettings = {
				ASSETCATALOG_COMPILER_APPICON_NAME = AppIcon;
				ASSETCATALOG_COMPILER_LAUNCHIMAGE_NAME = LaunchImage;
				GCC_PRECOMPILE_PREFIX_HEADER = YES;
				GCC_PREFIX_HEADER = "MQTimeOutDemo/MQTimeOutDemo-Prefix.pch";
				INFOPLIST_FILE = "MQTimeOutDemo/MQTimeOutDemo-Info.plist";
				PRODUCT_NAME = "$(TARGET_NAME)";
				WRAPPER_EXTENSION = app;
			};
			name = Debug;
		};
		76DBF1AC1979BDAA0068737D /* Release */ = {
			isa = XCBuildConfiguration;
			buildSettings = {
				ASSETCATALOG_COMPILER_APPICON_NAME = AppIcon;
				ASSETCATALOG_COMPILER_LAUNCHIMAGE_NAME = LaunchImage;
				GCC_PRECOMPILE_PREFIX_HEADER = YES;
				GCC_PREFIX_HEADER = "MQTimeOutDemo/MQTimeOutDemo-Prefix.pch";
				INFOPLIST_FILE = "MQTimeOutDemo/MQTimeOutDemo-Info.plist";
				PRODUCT_NAME = "$(TARGET_NAME)";
				WRAPPER_EXTENSION = app;
			};
			name = Release;
		};
		76DBF1AE1979BDAA0068737D /* Debug */ = {
			isa = XCBuildConfiguration;
			buildSettings = {
				BUNDLE_LOADER = "$(BUILT_PRODUCTS_DIR)/MQTimeOutDemo.app/MQTimeOutDemo";
				FRAMEWORK_SEARCH_PATHS = (
					"$(SDKROOT)/Developer/Library/Frameworks",
					"$(inherited)",
					"$(DEVELOPER_FRAMEWORKS_DIR)",
				);
				GCC_PRECOMPILE_PREFIX_HEADER = YES;
				GCC_PREFIX_HEADER = "MQTimeOutDemo/MQTimeOutDemo-Prefix.pch";
				GCC_PREPROCESSOR_DEFINITIONS = (
					"DEBUG=1",
					"$(inherited)",
				);
				INFOPLIST_FILE = "MQTimeOutDemoTests/MQTimeOutDemoTests-Info.plist";
				PRODUCT_NAME = "$(TARGET_NAME)";
				TEST_HOST = "$(BUNDLE_LOADER)";
				WRAPPER_EXTENSION = xctest;
			};
			name = Debug;
		};
		76DBF1AF1979BDAA0068737D /* Release */ = {
			isa = XCBuildConfiguration;
			buildSettings = {
				BUNDLE_LOADER = "$(BUILT_PRODUCTS_DIR)/MQTimeOutDemo.app/MQTimeOutDemo";
				FRAMEWORK_SEARCH_PATHS = (
					"$(SDKROOT)/Developer/Library/Frameworks",
					"$(inherited)",
					"$(DEVELOPER_FRAMEWORKS_DIR)",
				);
				GCC_PRECOMPILE_PREFIX_HEADER = YES;
				GCC_PREFIX_HEADER = "MQTimeOutDemo/MQTimeOutDemo-Prefix.pch";
				INFOPLIST_FILE = "MQTimeOutDemoTests/MQTimeOutDemoTests-Info.plist";
				PRODUCT_NAME = "$(TARGET_NAME)";
				TEST_HOST = "$(BUNDLE_LOADER)";
				WRAPPER_EXTENSION = xctest;
			};
			name = Release;
		};
/* End XCBuildConfiguration section */

/* Begin XCConfigurationList section */
		76DBF1791979BDAA0068737D /* Build configuration list for PBXProject "MQTimeOutDemo" */ = {
			isa = XCConfigurationList;
			buildConfigurations = (
				76DBF1A81979BDAA0068737D /* Debug */,
				76DBF1A91979BDAA0068737D /* Release */,
			);
			defaultConfigurationIsVisible = 0;
			defaultConfigurationName = Release;
		};
		76DBF1AA1979BDAA0068737D /* Build configuration list for PBXNativeTarget "MQTimeOutDemo" */ = {
			isa = XCConfigurationList;
			buildConfigurations = (
				76DBF1AB1979BDAA0068737D /* Debug */,
				76DBF1AC1979BDAA0068737D /* Release */,
			);
			defaultConfigurationIsVisible = 0;
		};
		76DBF1AD1979BDAA0068737D /* Build configuration list for PBXNativeTarget "MQTimeOutDemoTests" */ = {
			isa = XCConfigurationList;
			buildConfigurations = (
				76DBF1AE1979BDAA0068737D /* Debug */,
				76DBF1AF1979BDAA0068737D /* Release */,
			);
			defaultConfigurationIsVisible = 0;
		};
/* End XCConfigurationList section */
	};
	rootObject = 76DBF1761979BDAA0068737D /* Project object */;
}
